
Microsoft Visual Studio Solution File, Format Version 12.00
# Visual Studio 14
VisualStudioVersion = 14.0.25420.1
MinimumVisualStudioVersion = 10.0.40219.1
Project("{2150E333-8FDC-42A3-9474-1A3956D46DE8}") = "1. Service Layer", "1. Service Layer", "{F545987E-3F0F-4C02-8DBE-9935DCA6C22C}"
EndProject
Project("{2150E333-8FDC-42A3-9474-1A3956D46DE8}") = "2. Business Layer", "2. Business Layer", "{587F8254-E578-427D-A81A-BBCFA82445F0}"
EndProject
Project("{2150E333-8FDC-42A3-9474-1A3956D46DE8}") = "3. Data Layer", "3. Data Layer", "{C69CD53E-11AE-45F6-AC8D-A29B5AF779C8}"
EndProject
Project("{2150E333-8FDC-42A3-9474-1A3956D46DE8}") = "Frameworks", "Frameworks", "{95CF9E5E-71AA-4E58-8D16-ED6AA1178A7E}"
EndProject
Project("{2150E333-8FDC-42A3-9474-1A3956D46DE8}") = "Assemblies", "Assemblies", "{65F6676B-A749-4487-B04A-7FC2D32C3D91}"
	ProjectSection(SolutionItems) = preProject
		..\ASAsysGeneric\ASAsysUtil\bin\Debug\Ionic.Zip.dll = ..\ASAsysGeneric\ASAsysUtil\bin\Debug\Ionic.Zip.dll
		..\ASAsysGeneric\ASAsysUtil\bin\Debug\MySql.Data.dll = ..\ASAsysGeneric\ASAsysUtil\bin\Debug\MySql.Data.dll
		ArquiteruraASA\3. Data Layer\ASArquiteruraData\ASArquiteruraData\Template.tt = ArquiteruraASA\3. Data Layer\ASArquiteruraData\ASArquiteruraData\Template.tt
	EndProjectSection
EndProject
Project("{2150E333-8FDC-42A3-9474-1A3956D46DE8}") = "Solution Items", "Solution Items", "{F176AEDB-DF18-445E-BBB0-DD4AA84A2550}"
EndProject
Project("{2150E333-8FDC-42A3-9474-1A3956D46DE8}") = "Others", "Others", "{BD84AF4B-6908-47AB-A095-8241AAFE68B6}"
	ProjectSection(SolutionItems) = preProject
		ArquiteruraASA\Solution Items\Others\Template.tt = ArquiteruraASA\Solution Items\Others\Template.tt
	EndProjectSection
EndProject
Project("{2150E333-8FDC-42A3-9474-1A3956D46DE8}") = "Scripts SQL", "Scripts SQL", "{2E5335AB-7A5A-46F2-BCD0-2E440C3CFCC4}"
EndProject
Project("{FAE04EC0-301F-11D3-BF4B-00C04F79EFBC}") = "ASArquiteruraData", "ArquiteruraASA\3. Data Layer\ASArquiteruraData\ASArquiteruraData\ASArquiteruraData.csproj", "{6F6D89B9-D85A-465D-B08D-0167882A68A0}"
EndProject
Project("{FAE04EC0-301F-11D3-BF4B-00C04F79EFBC}") = "ArquiteturaTesteASA", "ArquiteruraASA\Frameworks\ArquiteturaTesteASA\ArquiteturaTesteASA.csproj", "{6A8B19CF-11ED-4915-9D84-772FE91E09F6}"
EndProject
Project("{FAE04EC0-301F-11D3-BF4B-00C04F79EFBC}") = "ArquiteturaASABusiness", "ArquiteruraASA\2. Business Layer\ArquiteturaASABusiness\ArquiteturaASABusiness\ArquiteturaASABusiness.csproj", "{3DDCC673-916F-4F43-97CA-A29DF6CF6B55}"
EndProject
Project("{FAE04EC0-301F-11D3-BF4B-00C04F79EFBC}") = "ServiceASA", "ArquiteruraASA\1. Service Layer\ServiceASA\ServiceASA.csproj", "{08425608-3CBB-4259-BC42-44D47123CE8C}"
EndProject
Project("{2150E333-8FDC-42A3-9474-1A3956D46DE8}") = "4. WebServiceASA", "4. WebServiceASA", "{7E5EE9D2-041A-4E08-82F3-03F7D182623A}"
EndProject
Project("{FAE04EC0-301F-11D3-BF4B-00C04F79EFBC}") = "WebServiceASA", "ArquiteruraASA\4. WebServiceASA\WebServiceASA\WebServiceASA.csproj", "{353C3298-845B-42DE-8833-E6494AF8157F}"
EndProject
Project("{2150E333-8FDC-42A3-9474-1A3956D46DE8}") = "5. ClienteWebServiceASA", "5. ClienteWebServiceASA", "{CEAFE239-DC85-40C2-9B37-7C53014593D3}"
EndProject
Project("{FAE04EC0-301F-11D3-BF4B-00C04F79EFBC}") = "ClienteWebServiceASA", "ArquiteruraASA\5. ClienteWebServiceASA\ClienteWebServiceASA\ClienteWebServiceASA.csproj", "{11004B0F-AE0B-4B5C-86A2-57456D3E701B}"
	ProjectSection(ProjectDependencies) = postProject
		{83DA9711-7CDE-4CBF-B421-E3FB1B7899BF} = {83DA9711-7CDE-4CBF-B421-E3FB1B7899BF}
	EndProjectSection
EndProject
Project("{2150E333-8FDC-42A3-9474-1A3956D46DE8}") = "6. Serviceterminal", "6. Serviceterminal", "{4A078221-292B-4971-8FD2-422830C76B88}"
EndProject
Project("{FAE04EC0-301F-11D3-BF4B-00C04F79EFBC}") = "ASAsysTerminalService", "ASAsysTerminalService\ASAsysTerminalService.csproj", "{DAB347E8-87EE-49AF-BB46-169934E337E6}"
	ProjectSection(ProjectDependencies) = postProject
		{353C3298-845B-42DE-8833-E6494AF8157F} = {353C3298-845B-42DE-8833-E6494AF8157F}
	EndProjectSection
EndProject
Project("{FAE04EC0-301F-11D3-BF4B-00C04F79EFBC}") = "ASAsysFwSiTef", "ASAsysFwSiTef\ASAsysFwSiTef.csproj", "{2EB3A7BB-D396-40BE-A96B-F389854609BF}"
EndProject
Project("{FAE04EC0-301F-11D3-BF4B-00C04F79EFBC}") = "Util", "Util\Util.csproj", "{98E40A47-EC16-461C-81C0-5FA58EAE4ACE}"
EndProject
Project("{2150E333-8FDC-42A3-9474-1A3956D46DE8}") = ".nuget", ".nuget", "{644C6C36-CAEA-485E-B11D-5C19F97B7272}"
	ProjectSection(SolutionItems) = preProject
		.nuget\NuGet.Config = .nuget\NuGet.Config
		.nuget\NuGet.exe = .nuget\NuGet.exe
		.nuget\NuGet.targets = .nuget\NuGet.targets
		.nuget\packages.config = .nuget\packages.config
	EndProjectSection
EndProject
Project("{2150E333-8FDC-42A3-9474-1A3956D46DE8}") = "8. ExpressoesLambda", "8. ExpressoesLambda", "{7193F09C-8484-4C47-A634-D15D81FA47B9}"
EndProject
Project("{2150E333-8FDC-42A3-9474-1A3956D46DE8}") = "docs", "docs", "{6AB5428E-CECB-4689-B760-A7FF8211F8B1}"
	ProjectSection(SolutionItems) = preProject
		sql-bulk-merge\README.md = sql-bulk-merge\README.md
	EndProjectSection
EndProject
Project("{FAE04EC0-301F-11D3-BF4B-00C04F79EFBC}") = "SqlBulkMerge", "sql-bulk-merge\src\SqlBulkMerge.csproj", "{ADD32911-5A38-4E38-BCD6-E641248765D9}"
EndProject
Project("{FAE04EC0-301F-11D3-BF4B-00C04F79EFBC}") = "SqlBulkMerge.Test", "sql-bulk-merge\tests\SqlBulkMerge.Test.csproj", "{78C69767-0237-459D-BBB6-8DAA02DDB97D}"
EndProject
Project("{FAE04EC0-301F-11D3-BF4B-00C04F79EFBC}") = "Rest", "Rest\Rest.csproj", "{8917122D-2C34-4181-9E45-2C53BFB5B227}"
EndProject
Project("{2150E333-8FDC-42A3-9474-1A3956D46DE8}") = "9. HostingLayer", "9. HostingLayer", "{9B07D50C-0C1C-4AE8-BE57-95C9782BB472}"
EndProject
Project("{FAE04EC0-301F-11D3-BF4B-00C04F79EFBC}") = "WcfService1", "WcfService1\WcfService1.csproj", "{83DA9711-7CDE-4CBF-B421-E3FB1B7899BF}"
EndProject
Project("{2150E333-8FDC-42A3-9474-1A3956D46DE8}") = "10. ASP.MVC.ADM", "10. ASP.MVC.ADM", "{1FE4DBF8-ADD2-43B7-A77B-FC3F3BF31954}"
EndProject
Global
	GlobalSection(SolutionConfigurationPlatforms) = preSolution
		CD_ROM|Any CPU = CD_ROM|Any CPU
		Debug|Any CPU = Debug|Any CPU
		DVD-5|Any CPU = DVD-5|Any CPU
		Release|Any CPU = Release|Any CPU
		SingleImage|Any CPU = SingleImage|Any CPU
	EndGlobalSection
	GlobalSection(ProjectConfigurationPlatforms) = postSolution
		{6F6D89B9-D85A-465D-B08D-0167882A68A0}.CD_ROM|Any CPU.ActiveCfg = Release|Any CPU
		{6F6D89B9-D85A-465D-B08D-0167882A68A0}.CD_ROM|Any CPU.Build.0 = Release|Any CPU
		{6F6D89B9-D85A-465D-B08D-0167882A68A0}.Debug|Any CPU.ActiveCfg = Debug|Any CPU
		{6F6D89B9-D85A-465D-B08D-0167882A68A0}.Debug|Any CPU.Build.0 = Debug|Any CPU
		{6F6D89B9-D85A-465D-B08D-0167882A68A0}.DVD-5|Any CPU.ActiveCfg = Debug|Any CPU
		{6F6D89B9-D85A-465D-B08D-0167882A68A0}.DVD-5|Any CPU.Build.0 = Debug|Any CPU
		{6F6D89B9-D85A-465D-B08D-0167882A68A0}.Release|Any CPU.ActiveCfg = Release|Any CPU
		{6F6D89B9-D85A-465D-B08D-0167882A68A0}.Release|Any CPU.Build.0 = Release|Any CPU
		{6F6D89B9-D85A-465D-B08D-0167882A68A0}.SingleImage|Any CPU.ActiveCfg = Release|Any CPU
		{6F6D89B9-D85A-465D-B08D-0167882A68A0}.SingleImage|Any CPU.Build.0 = Release|Any CPU
		{6A8B19CF-11ED-4915-9D84-772FE91E09F6}.CD_ROM|Any CPU.ActiveCfg = Release|Any CPU
		{6A8B19CF-11ED-4915-9D84-772FE91E09F6}.CD_ROM|Any CPU.Build.0 = Release|Any CPU
		{6A8B19CF-11ED-4915-9D84-772FE91E09F6}.Debug|Any CPU.ActiveCfg = Debug|Any CPU
		{6A8B19CF-11ED-4915-9D84-772FE91E09F6}.Debug|Any CPU.Build.0 = Debug|Any CPU
		{6A8B19CF-11ED-4915-9D84-772FE91E09F6}.DVD-5|Any CPU.ActiveCfg = Debug|Any CPU
		{6A8B19CF-11ED-4915-9D84-772FE91E09F6}.DVD-5|Any CPU.Build.0 = Debug|Any CPU
		{6A8B19CF-11ED-4915-9D84-772FE91E09F6}.Release|Any CPU.ActiveCfg = Release|Any CPU
		{6A8B19CF-11ED-4915-9D84-772FE91E09F6}.Release|Any CPU.Build.0 = Release|Any CPU
		{6A8B19CF-11ED-4915-9D84-772FE91E09F6}.SingleImage|Any CPU.ActiveCfg = Release|Any CPU
		{6A8B19CF-11ED-4915-9D84-772FE91E09F6}.SingleImage|Any CPU.Build.0 = Release|Any CPU
		{3DDCC673-916F-4F43-97CA-A29DF6CF6B55}.CD_ROM|Any CPU.ActiveCfg = Release|Any CPU
		{3DDCC673-916F-4F43-97CA-A29DF6CF6B55}.CD_ROM|Any CPU.Build.0 = Release|Any CPU
		{3DDCC673-916F-4F43-97CA-A29DF6CF6B55}.Debug|Any CPU.ActiveCfg = Debug|Any CPU
		{3DDCC673-916F-4F43-97CA-A29DF6CF6B55}.Debug|Any CPU.Build.0 = Debug|Any CPU
		{3DDCC673-916F-4F43-97CA-A29DF6CF6B55}.DVD-5|Any CPU.ActiveCfg = Debug|Any CPU
		{3DDCC673-916F-4F43-97CA-A29DF6CF6B55}.DVD-5|Any CPU.Build.0 = Debug|Any CPU
		{3DDCC673-916F-4F43-97CA-A29DF6CF6B55}.Release|Any CPU.ActiveCfg = Release|Any CPU
		{3DDCC673-916F-4F43-97CA-A29DF6CF6B55}.Release|Any CPU.Build.0 = Release|Any CPU
		{3DDCC673-916F-4F43-97CA-A29DF6CF6B55}.SingleImage|Any CPU.ActiveCfg = Release|Any CPU
		{3DDCC673-916F-4F43-97CA-A29DF6CF6B55}.SingleImage|Any CPU.Build.0 = Release|Any CPU
		{08425608-3CBB-4259-BC42-44D47123CE8C}.CD_ROM|Any CPU.ActiveCfg = Release|Any CPU
		{08425608-3CBB-4259-BC42-44D47123CE8C}.CD_ROM|Any CPU.Build.0 = Release|Any CPU
		{08425608-3CBB-4259-BC42-44D47123CE8C}.Debug|Any CPU.ActiveCfg = Debug|Any CPU
		{08425608-3CBB-4259-BC42-44D47123CE8C}.Debug|Any CPU.Build.0 = Debug|Any CPU
		{08425608-3CBB-4259-BC42-44D47123CE8C}.DVD-5|Any CPU.ActiveCfg = Debug|Any CPU
		{08425608-3CBB-4259-BC42-44D47123CE8C}.DVD-5|Any CPU.Build.0 = Debug|Any CPU
		{08425608-3CBB-4259-BC42-44D47123CE8C}.Release|Any CPU.ActiveCfg = Release|Any CPU
		{08425608-3CBB-4259-BC42-44D47123CE8C}.Release|Any CPU.Build.0 = Release|Any CPU
		{08425608-3CBB-4259-BC42-44D47123CE8C}.SingleImage|Any CPU.ActiveCfg = Release|Any CPU
		{08425608-3CBB-4259-BC42-44D47123CE8C}.SingleImage|Any CPU.Build.0 = Release|Any CPU
		{353C3298-845B-42DE-8833-E6494AF8157F}.CD_ROM|Any CPU.ActiveCfg = Release|Any CPU
		{353C3298-845B-42DE-8833-E6494AF8157F}.CD_ROM|Any CPU.Build.0 = Release|Any CPU
		{353C3298-845B-42DE-8833-E6494AF8157F}.Debug|Any CPU.ActiveCfg = Debug|Any CPU
		{353C3298-845B-42DE-8833-E6494AF8157F}.Debug|Any CPU.Build.0 = Debug|Any CPU
		{353C3298-845B-42DE-8833-E6494AF8157F}.DVD-5|Any CPU.ActiveCfg = Debug|Any CPU
		{353C3298-845B-42DE-8833-E6494AF8157F}.DVD-5|Any CPU.Build.0 = Debug|Any CPU
		{353C3298-845B-42DE-8833-E6494AF8157F}.Release|Any CPU.ActiveCfg = Release|Any CPU
		{353C3298-845B-42DE-8833-E6494AF8157F}.Release|Any CPU.Build.0 = Release|Any CPU
		{353C3298-845B-42DE-8833-E6494AF8157F}.SingleImage|Any CPU.ActiveCfg = Release|Any CPU
		{353C3298-845B-42DE-8833-E6494AF8157F}.SingleImage|Any CPU.Build.0 = Release|Any CPU
		{11004B0F-AE0B-4B5C-86A2-57456D3E701B}.CD_ROM|Any CPU.ActiveCfg = Release|Any CPU
		{11004B0F-AE0B-4B5C-86A2-57456D3E701B}.CD_ROM|Any CPU.Build.0 = Release|Any CPU
		{11004B0F-AE0B-4B5C-86A2-57456D3E701B}.Debug|Any CPU.ActiveCfg = Debug|Any CPU
		{11004B0F-AE0B-4B5C-86A2-57456D3E701B}.Debug|Any CPU.Build.0 = Debug|Any CPU
		{11004B0F-AE0B-4B5C-86A2-57456D3E701B}.DVD-5|Any CPU.ActiveCfg = Debug|Any CPU
		{11004B0F-AE0B-4B5C-86A2-57456D3E701B}.DVD-5|Any CPU.Build.0 = Debug|Any CPU
		{11004B0F-AE0B-4B5C-86A2-57456D3E701B}.Release|Any CPU.ActiveCfg = Release|Any CPU
		{11004B0F-AE0B-4B5C-86A2-57456D3E701B}.Release|Any CPU.Build.0 = Release|Any CPU
		{11004B0F-AE0B-4B5C-86A2-57456D3E701B}.SingleImage|Any CPU.ActiveCfg = Release|Any CPU
		{11004B0F-AE0B-4B5C-86A2-57456D3E701B}.SingleImage|Any CPU.Build.0 = Release|Any CPU
		{DAB347E8-87EE-49AF-BB46-169934E337E6}.CD_ROM|Any CPU.ActiveCfg = Release|Any CPU
		{DAB347E8-87EE-49AF-BB46-169934E337E6}.CD_ROM|Any CPU.Build.0 = Release|Any CPU
		{DAB347E8-87EE-49AF-BB46-169934E337E6}.Debug|Any CPU.ActiveCfg = Debug|Any CPU
		{DAB347E8-87EE-49AF-BB46-169934E337E6}.Debug|Any CPU.Build.0 = Debug|Any CPU
		{DAB347E8-87EE-49AF-BB46-169934E337E6}.DVD-5|Any CPU.ActiveCfg = Debug|Any CPU
		{DAB347E8-87EE-49AF-BB46-169934E337E6}.DVD-5|Any CPU.Build.0 = Debug|Any CPU
		{DAB347E8-87EE-49AF-BB46-169934E337E6}.Release|Any CPU.ActiveCfg = Release|Any CPU
		{DAB347E8-87EE-49AF-BB46-169934E337E6}.Release|Any CPU.Build.0 = Release|Any CPU
		{DAB347E8-87EE-49AF-BB46-169934E337E6}.SingleImage|Any CPU.ActiveCfg = Release|Any CPU
		{DAB347E8-87EE-49AF-BB46-169934E337E6}.SingleImage|Any CPU.Build.0 = Release|Any CPU
		{2EB3A7BB-D396-40BE-A96B-F389854609BF}.CD_ROM|Any CPU.ActiveCfg = Release|Any CPU
		{2EB3A7BB-D396-40BE-A96B-F389854609BF}.CD_ROM|Any CPU.Build.0 = Release|Any CPU
		{2EB3A7BB-D396-40BE-A96B-F389854609BF}.Debug|Any CPU.ActiveCfg = Debug|Any CPU
		{2EB3A7BB-D396-40BE-A96B-F389854609BF}.Debug|Any CPU.Build.0 = Debug|Any CPU
		{2EB3A7BB-D396-40BE-A96B-F389854609BF}.DVD-5|Any CPU.ActiveCfg = Debug|Any CPU
		{2EB3A7BB-D396-40BE-A96B-F389854609BF}.DVD-5|Any CPU.Build.0 = Debug|Any CPU
		{2EB3A7BB-D396-40BE-A96B-F389854609BF}.Release|Any CPU.ActiveCfg = Release|Any CPU
		{2EB3A7BB-D396-40BE-A96B-F389854609BF}.Release|Any CPU.Build.0 = Release|Any CPU
		{2EB3A7BB-D396-40BE-A96B-F389854609BF}.SingleImage|Any CPU.ActiveCfg = Release|Any CPU
		{2EB3A7BB-D396-40BE-A96B-F389854609BF}.SingleImage|Any CPU.Build.0 = Release|Any CPU
		{98E40A47-EC16-461C-81C0-5FA58EAE4ACE}.CD_ROM|Any CPU.ActiveCfg = Release|Any CPU
		{98E40A47-EC16-461C-81C0-5FA58EAE4ACE}.CD_ROM|Any CPU.Build.0 = Release|Any CPU
		{98E40A47-EC16-461C-81C0-5FA58EAE4ACE}.Debug|Any CPU.ActiveCfg = Debug|Any CPU
		{98E40A47-EC16-461C-81C0-5FA58EAE4ACE}.Debug|Any CPU.Build.0 = Debug|Any CPU
		{98E40A47-EC16-461C-81C0-5FA58EAE4ACE}.DVD-5|Any CPU.ActiveCfg = Debug|Any CPU
		{98E40A47-EC16-461C-81C0-5FA58EAE4ACE}.DVD-5|Any CPU.Build.0 = Debug|Any CPU
		{98E40A47-EC16-461C-81C0-5FA58EAE4ACE}.Release|Any CPU.ActiveCfg = Release|Any CPU
		{98E40A47-EC16-461C-81C0-5FA58EAE4ACE}.Release|Any CPU.Build.0 = Release|Any CPU
		{98E40A47-EC16-461C-81C0-5FA58EAE4ACE}.SingleImage|Any CPU.ActiveCfg = Release|Any CPU
		{98E40A47-EC16-461C-81C0-5FA58EAE4ACE}.SingleImage|Any CPU.Build.0 = Release|Any CPU
		{ADD32911-5A38-4E38-BCD6-E641248765D9}.CD_ROM|Any CPU.ActiveCfg = Release|Any CPU
		{ADD32911-5A38-4E38-BCD6-E641248765D9}.CD_ROM|Any CPU.Build.0 = Release|Any CPU
		{ADD32911-5A38-4E38-BCD6-E641248765D9}.Debug|Any CPU.ActiveCfg = Debug|Any CPU
		{ADD32911-5A38-4E38-BCD6-E641248765D9}.Debug|Any CPU.Build.0 = Debug|Any CPU
		{ADD32911-5A38-4E38-BCD6-E641248765D9}.DVD-5|Any CPU.ActiveCfg = Debug|Any CPU
		{ADD32911-5A38-4E38-BCD6-E641248765D9}.DVD-5|Any CPU.Build.0 = Debug|Any CPU
		{ADD32911-5A38-4E38-BCD6-E641248765D9}.Release|Any CPU.ActiveCfg = Release|Any CPU
		{ADD32911-5A38-4E38-BCD6-E641248765D9}.Release|Any CPU.Build.0 = Release|Any CPU
		{ADD32911-5A38-4E38-BCD6-E641248765D9}.SingleImage|Any CPU.ActiveCfg = Release|Any CPU
		{ADD32911-5A38-4E38-BCD6-E641248765D9}.SingleImage|Any CPU.Build.0 = Release|Any CPU
		{78C69767-0237-459D-BBB6-8DAA02DDB97D}.CD_ROM|Any CPU.ActiveCfg = Release|Any CPU
		{78C69767-0237-459D-BBB6-8DAA02DDB97D}.CD_ROM|Any CPU.Build.0 = Release|Any CPU
		{78C69767-0237-459D-BBB6-8DAA02DDB97D}.Debug|Any CPU.ActiveCfg = Debug|Any CPU
		{78C69767-0237-459D-BBB6-8DAA02DDB97D}.Debug|Any CPU.Build.0 = Debug|Any CPU
		{78C69767-0237-459D-BBB6-8DAA02DDB97D}.DVD-5|Any CPU.ActiveCfg = Debug|Any CPU
		{78C69767-0237-459D-BBB6-8DAA02DDB97D}.DVD-5|Any CPU.Build.0 = Debug|Any CPU
		{78C69767-0237-459D-BBB6-8DAA02DDB97D}.Release|Any CPU.ActiveCfg = Release|Any CPU
		{78C69767-0237-459D-BBB6-8DAA02DDB97D}.Release|Any CPU.Build.0 = Release|Any CPU
		{78C69767-0237-459D-BBB6-8DAA02DDB97D}.SingleImage|Any CPU.ActiveCfg = Release|Any CPU
		{78C69767-0237-459D-BBB6-8DAA02DDB97D}.SingleImage|Any CPU.Build.0 = Release|Any CPU
		{8917122D-2C34-4181-9E45-2C53BFB5B227}.CD_ROM|Any CPU.ActiveCfg = Release|Any CPU
		{8917122D-2C34-4181-9E45-2C53BFB5B227}.CD_ROM|Any CPU.Build.0 = Release|Any CPU
		{8917122D-2C34-4181-9E45-2C53BFB5B227}.Debug|Any CPU.ActiveCfg = Debug|Any CPU
		{8917122D-2C34-4181-9E45-2C53BFB5B227}.Debug|Any CPU.Build.0 = Debug|Any CPU
		{8917122D-2C34-4181-9E45-2C53BFB5B227}.DVD-5|Any CPU.ActiveCfg = Debug|Any CPU
		{8917122D-2C34-4181-9E45-2C53BFB5B227}.DVD-5|Any CPU.Build.0 = Debug|Any CPU
		{8917122D-2C34-4181-9E45-2C53BFB5B227}.Release|Any CPU.ActiveCfg = Release|Any CPU
		{8917122D-2C34-4181-9E45-2C53BFB5B227}.Release|Any CPU.Build.0 = Release|Any CPU
		{8917122D-2C34-4181-9E45-2C53BFB5B227}.SingleImage|Any CPU.ActiveCfg = Release|Any CPU
		{8917122D-2C34-4181-9E45-2C53BFB5B227}.SingleImage|Any CPU.Build.0 = Release|Any CPU
		{83DA9711-7CDE-4CBF-B421-E3FB1B7899BF}.CD_ROM|Any CPU.ActiveCfg = Release|Any CPU
		{83DA9711-7CDE-4CBF-B421-E3FB1B7899BF}.CD_ROM|Any CPU.Build.0 = Release|Any CPU
		{83DA9711-7CDE-4CBF-B421-E3FB1B7899BF}.Debug|Any CPU.ActiveCfg = Debug|Any CPU
		{83DA9711-7CDE-4CBF-B421-E3FB1B7899BF}.Debug|Any CPU.Build.0 = Debug|Any CPU
		{83DA9711-7CDE-4CBF-B421-E3FB1B7899BF}.DVD-5|Any CPU.ActiveCfg = Debug|Any CPU
		{83DA9711-7CDE-4CBF-B421-E3FB1B7899BF}.DVD-5|Any CPU.Build.0 = Debug|Any CPU
		{83DA9711-7CDE-4CBF-B421-E3FB1B7899BF}.Release|Any CPU.ActiveCfg = Release|Any CPU
		{83DA9711-7CDE-4CBF-B421-E3FB1B7899BF}.Release|Any CPU.Build.0 = Release|Any CPU
		{83DA9711-7CDE-4CBF-B421-E3FB1B7899BF}.SingleImage|Any CPU.ActiveCfg = Release|Any CPU
		{83DA9711-7CDE-4CBF-B421-E3FB1B7899BF}.SingleImage|Any CPU.Build.0 = Release|Any CPU
	EndGlobalSection
	GlobalSection(SolutionProperties) = preSolution
		HideSolutionNode = FALSE
	EndGlobalSection
	GlobalSection(NestedProjects) = preSolution
		{65F6676B-A749-4487-B04A-7FC2D32C3D91} = {95CF9E5E-71AA-4E58-8D16-ED6AA1178A7E}
		{BD84AF4B-6908-47AB-A095-8241AAFE68B6} = {F176AEDB-DF18-445E-BBB0-DD4AA84A2550}
		{2E5335AB-7A5A-46F2-BCD0-2E440C3CFCC4} = {F176AEDB-DF18-445E-BBB0-DD4AA84A2550}
		{6F6D89B9-D85A-465D-B08D-0167882A68A0} = {C69CD53E-11AE-45F6-AC8D-A29B5AF779C8}
		{6A8B19CF-11ED-4915-9D84-772FE91E09F6} = {95CF9E5E-71AA-4E58-8D16-ED6AA1178A7E}
		{3DDCC673-916F-4F43-97CA-A29DF6CF6B55} = {587F8254-E578-427D-A81A-BBCFA82445F0}
		{08425608-3CBB-4259-BC42-44D47123CE8C} = {F545987E-3F0F-4C02-8DBE-9935DCA6C22C}
		{353C3298-845B-42DE-8833-E6494AF8157F} = {7E5EE9D2-041A-4E08-82F3-03F7D182623A}
		{11004B0F-AE0B-4B5C-86A2-57456D3E701B} = {CEAFE239-DC85-40C2-9B37-7C53014593D3}
		{DAB347E8-87EE-49AF-BB46-169934E337E6} = {4A078221-292B-4971-8FD2-422830C76B88}
		{2EB3A7BB-D396-40BE-A96B-F389854609BF} = {95CF9E5E-71AA-4E58-8D16-ED6AA1178A7E}
		{98E40A47-EC16-461C-81C0-5FA58EAE4ACE} = {95CF9E5E-71AA-4E58-8D16-ED6AA1178A7E}
		{6AB5428E-CECB-4689-B760-A7FF8211F8B1} = {7193F09C-8484-4C47-A634-D15D81FA47B9}
		{ADD32911-5A38-4E38-BCD6-E641248765D9} = {7193F09C-8484-4C47-A634-D15D81FA47B9}
		{78C69767-0237-459D-BBB6-8DAA02DDB97D} = {7193F09C-8484-4C47-A634-D15D81FA47B9}
		{8917122D-2C34-4181-9E45-2C53BFB5B227} = {7193F09C-8484-4C47-A634-D15D81FA47B9}
		{83DA9711-7CDE-4CBF-B421-E3FB1B7899BF} = {9B07D50C-0C1C-4AE8-BE57-95C9782BB472}
	EndGlobalSection
EndGlobal
